
Microsoft Visual Studio Solution File, Format Version 12.00
# Visual Studio Version 17
VisualStudioVersion = 17.6.33829.357
MinimumVisualStudioVersion = 10.0.40219.1
Project("{FAE04EC0-301F-11D3-BF4B-00C04F79EFBC}") = "Clock_prueba", "Clock_prueba.csproj", "{CDB1B1BA-0B81-47D6-8FD3-064873AABF9D}"
EndProject
Global
	GlobalSection(SolutionConfigurationPlatforms) = preSolution
		Debug|Any CPU = Debug|Any CPU
		Release|Any CPU = Release|Any CPU
	EndGlobalSection
	GlobalSection(ProjectConfigurationPlatforms) = postSolution
		{CDB1B1BA-0B81-47D6-8FD3-064873AABF9D}.Debug|Any CPU.ActiveCfg = Debug|Any CPU
		{CDB1B1BA-0B81-47D6-8FD3-064873AABF9D}.Debug|Any CPU.Build.0 = Debug|Any CPU
		{CDB1B1BA-0B81-47D6-8FD3-064873AABF9D}.Release|Any CPU.ActiveCfg = Release|Any CPU
		{CDB1B1BA-0B81-47D6-8FD3-064873AABF9D}.Release|Any CPU.Build.0 = Release|Any CPU
	EndGlobalSection
	GlobalSection(SolutionProperties) = preSolution
		HideSolutionNode = FALSE
	EndGlobalSection
	GlobalSection(ExtensibilityGlobals) = postSolution
		SolutionGuid = {5BFE13B8-6F20-4F27-950C-51DEB39C5A4E}
	EndGlobalSection
EndGlobal
